
Microsoft Visual Studio Solution File, Format Version 12.00
# Visual Studio Version 17
VisualStudioVersion = 17.6.33801.468
MinimumVisualStudioVersion = 10.0.40219.1
Project("{FAE04EC0-301F-11D3-BF4B-00C04F79EFBC}") = "k8s-api", "k8s-api.csproj", "{3A0E7502-64B3-4E01-B6EF-CEB5851A69D2}"
EndProject
Global
	GlobalSection(SolutionConfigurationPlatforms) = preSolution
		Debug|Any CPU = Debug|Any CPU
		Release|Any CPU = Release|Any CPU
	EndGlobalSection
	GlobalSection(ProjectConfigurationPlatforms) = postSolution
		{3A0E7502-64B3-4E01-B6EF-CEB5851A69D2}.Debug|Any CPU.ActiveCfg = Debug|Any CPU
		{3A0E7502-64B3-4E01-B6EF-CEB5851A69D2}.Debug|Any CPU.Build.0 = Debug|Any CPU
		{3A0E7502-64B3-4E01-B6EF-CEB5851A69D2}.Release|Any CPU.ActiveCfg = Release|Any CPU
		{3A0E7502-64B3-4E01-B6EF-CEB5851A69D2}.Release|Any CPU.Build.0 = Release|Any CPU
	EndGlobalSection
	GlobalSection(SolutionProperties) = preSolution
		HideSolutionNode = FALSE
	EndGlobalSection
	GlobalSection(ExtensibilityGlobals) = postSolution
		SolutionGuid = {5EA60C1B-6170-410B-AB74-961EB1980F61}
	EndGlobalSection
EndGlobal
